
Microsoft Visual Studio Solution File, Format Version 12.00
# Visual Studio Version 16
VisualStudioVersion = 16.0.30717.126
MinimumVisualStudioVersion = 10.0.40219.1
Project("{FAE04EC0-301F-11D3-BF4B-00C04F79EFBC}") = "ZeroConfX", "ZeroConfX.csproj", "{C9070630-332E-4978-A014-70242E4A747E}"
EndProject
Global
	GlobalSection(SolutionConfigurationPlatforms) = preSolution
		Debug|Any CPU = Debug|Any CPU
		Release|Any CPU = Release|Any CPU
	EndGlobalSection
	GlobalSection(ProjectConfigurationPlatforms) = postSolution
		{C9070630-332E-4978-A014-70242E4A747E}.Debug|Any CPU.ActiveCfg = Debug|Any CPU
		{C9070630-332E-4978-A014-70242E4A747E}.Debug|Any CPU.Build.0 = Debug|Any CPU
		{C9070630-332E-4978-A014-70242E4A747E}.Release|Any CPU.ActiveCfg = Release|Any CPU
		{C9070630-332E-4978-A014-70242E4A747E}.Release|Any CPU.Build.0 = Release|Any CPU
	EndGlobalSection
	GlobalSection(SolutionProperties) = preSolution
		HideSolutionNode = FALSE
	EndGlobalSection
	GlobalSection(ExtensibilityGlobals) = postSolution
		SolutionGuid = {AA2CB63A-9D85-4D99-99B6-6B995C718401}
	EndGlobalSection
EndGlobal
